// !$*UTF8*$!
{
	archiveVersion = 1;
	classes = {
	};
	objectVersion = 50;
	objects = {

/* Begin PBXBuildFile section */
		322AAEE62676881A00B96828 /* icl_hash.c in Sources */ = {isa = PBXBuildFile; fileRef = 322AAEE42676881A00B96828 /* icl_hash.c */; };
		3241F1AF2671183A005AEF2E /* main.c in Sources */ = {isa = PBXBuildFile; fileRef = 3241F1AE2671183A005AEF2E /* main.c */; };
		3241F1BC2671186E005AEF2E /* main.c in Sources */ = {isa = PBXBuildFile; fileRef = 3241F1BB2671186E005AEF2E /* main.c */; };
		3241F1C226711E1F005AEF2E /* makefile in Sources */ = {isa = PBXBuildFile; fileRef = 3241F1C126711E1F005AEF2E /* makefile */; };
		3241F1C326711E1F005AEF2E /* makefile in Sources */ = {isa = PBXBuildFile; fileRef = 3241F1C126711E1F005AEF2E /* makefile */; };
		328B762F2677A50900C6190A /* api.c in Sources */ = {isa = PBXBuildFile; fileRef = 328B762E2677A50900C6190A /* api.c */; };
		32FCB1EA267CEE750053E28E /* utils.c in Sources */ = {isa = PBXBuildFile; fileRef = 32FCB1E9267CEE750053E28E /* utils.c */; };
		32FCB1EB267CEEEB0053E28E /* utils.c in Sources */ = {isa = PBXBuildFile; fileRef = 32FCB1E9267CEE750053E28E /* utils.c */; };
/* End PBXBuildFile section */

/* Begin PBXCopyFilesBuildPhase section */
		3241F1A92671183A005AEF2E /* CopyFiles */ = {
			isa = PBXCopyFilesBuildPhase;
			buildActionMask = 2147483647;
			dstPath = /usr/share/man/man1/;
			dstSubfolderSpec = 0;
			files = (
			);
			runOnlyForDeploymentPostprocessing = 1;
		};
		3241F1B72671186E005AEF2E /* CopyFiles */ = {
			isa = PBXCopyFilesBuildPhase;
			buildActionMask = 2147483647;
			dstPath = /usr/share/man/man1/;
			dstSubfolderSpec = 0;
			files = (
			);
			runOnlyForDeploymentPostprocessing = 1;
		};
/* End PBXCopyFilesBuildPhase section */

/* Begin PBXFileReference section */
		322AAEDC26760FC600B96828 /* api.h */ = {isa = PBXFileReference; lastKnownFileType = sourcecode.c.h; name = api.h; path = include/api.h; sourceTree = SOURCE_ROOT; };
		322AAEE326763A4400B96828 /* config.txt */ = {isa = PBXFileReference; lastKnownFileType = text; name = config.txt; path = "../../../../../Developer/Xcode/DerivedData/ProgettoSOL-dzoaoehovvjxxgdpkfqdjouqymtb/Build/Products/Debug/config.txt"; sourceTree = "<group>"; };
		322AAEE42676881A00B96828 /* icl_hash.c */ = {isa = PBXFileReference; fileEncoding = 4; lastKnownFileType = sourcecode.c.c; path = icl_hash.c; sourceTree = "<group>"; };
		322AAEE52676881A00B96828 /* icl_hash.h */ = {isa = PBXFileReference; fileEncoding = 4; lastKnownFileType = sourcecode.c.h; path = icl_hash.h; sourceTree = "<group>"; };
		3241F1AB2671183A005AEF2E /* Server */ = {isa = PBXFileReference; explicitFileType = "compiled.mach-o.executable"; includeInIndex = 0; path = Server; sourceTree = BUILT_PRODUCTS_DIR; };
		3241F1AE2671183A005AEF2E /* main.c */ = {isa = PBXFileReference; lastKnownFileType = sourcecode.c.c; path = main.c; sourceTree = "<group>"; };
		3241F1B92671186E005AEF2E /* Client */ = {isa = PBXFileReference; explicitFileType = "compiled.mach-o.executable"; includeInIndex = 0; path = Client; sourceTree = BUILT_PRODUCTS_DIR; };
		3241F1BB2671186E005AEF2E /* main.c */ = {isa = PBXFileReference; lastKnownFileType = sourcecode.c.c; path = main.c; sourceTree = "<group>"; };
		3241F1C126711E1F005AEF2E /* makefile */ = {isa = PBXFileReference; explicitFileType = sourcecode.make; path = makefile; sourceTree = "<group>"; };
		328B762E2677A50900C6190A /* api.c */ = {isa = PBXFileReference; lastKnownFileType = sourcecode.c.c; path = api.c; sourceTree = "<group>"; };
		32FCB1E8267CEE750053E28E /* utils.h */ = {isa = PBXFileReference; lastKnownFileType = sourcecode.c.h; path = utils.h; sourceTree = "<group>"; };
		32FCB1E9267CEE750053E28E /* utils.c */ = {isa = PBXFileReference; lastKnownFileType = sourcecode.c.c; path = utils.c; sourceTree = "<group>"; };
/* End PBXFileReference section */

/* Begin PBXFrameworksBuildPhase section */
		3241F1A82671183A005AEF2E /* Frameworks */ = {
			isa = PBXFrameworksBuildPhase;
			buildActionMask = 2147483647;
			files = (
			);
			runOnlyForDeploymentPostprocessing = 0;
		};
		3241F1B62671186E005AEF2E /* Frameworks */ = {
			isa = PBXFrameworksBuildPhase;
			buildActionMask = 2147483647;
			files = (
			);
			runOnlyForDeploymentPostprocessing = 0;
		};
/* End PBXFrameworksBuildPhase section */

/* Begin PBXGroup section */
		3241F1A22671183A005AEF2E = {
			isa = PBXGroup;
			children = (
				3241F1C126711E1F005AEF2E /* makefile */,
				322AAEE326763A4400B96828 /* config.txt */,
				32FCB1E8267CEE750053E28E /* utils.h */,
				32FCB1E9267CEE750053E28E /* utils.c */,
				3241F1AD2671183A005AEF2E /* Server */,
				3241F1BA2671186E005AEF2E /* Client */,
				3241F1AC2671183A005AEF2E /* Products */,
			);
			sourceTree = "<group>";
		};
		3241F1AC2671183A005AEF2E /* Products */ = {
			isa = PBXGroup;
			children = (
				3241F1AB2671183A005AEF2E /* Server */,
				3241F1B92671186E005AEF2E /* Client */,
			);
			name = Products;
			sourceTree = "<group>";
		};
		3241F1AD2671183A005AEF2E /* Server */ = {
			isa = PBXGroup;
			children = (
				3241F1AE2671183A005AEF2E /* main.c */,
				322AAEE42676881A00B96828 /* icl_hash.c */,
				322AAEE52676881A00B96828 /* icl_hash.h */,
			);
			path = Server;
			sourceTree = "<group>";
		};
		3241F1BA2671186E005AEF2E /* Client */ = {
			isa = PBXGroup;
			children = (
				3241F1BB2671186E005AEF2E /* main.c */,
				322AAEDC26760FC600B96828 /* api.h */,
				328B762E2677A50900C6190A /* api.c */,
			);
			path = Client;
			sourceTree = "<group>";
		};
/* End PBXGroup section */

/* Begin PBXNativeTarget section */
		3241F1AA2671183A005AEF2E /* Server */ = {
			isa = PBXNativeTarget;
			buildConfigurationList = 3241F1B22671183A005AEF2E /* Build configuration list for PBXNativeTarget "Server" */;
			buildPhases = (
				3241F1A72671183A005AEF2E /* Sources */,
				3241F1A82671183A005AEF2E /* Frameworks */,
				3241F1A92671183A005AEF2E /* CopyFiles */,
			);
			buildRules = (
			);
			dependencies = (
			);
			name = Server;
			productName = ProgettoSOL;
			productReference = 3241F1AB2671183A005AEF2E /* Server */;
			productType = "com.apple.product-type.tool";
		};
		3241F1B82671186E005AEF2E /* Client */ = {
			isa = PBXNativeTarget;
			buildConfigurationList = 3241F1BD2671186E005AEF2E /* Build configuration list for PBXNativeTarget "Client" */;
			buildPhases = (
				3241F1B52671186E005AEF2E /* Sources */,
				3241F1B62671186E005AEF2E /* Frameworks */,
				3241F1B72671186E005AEF2E /* CopyFiles */,
			);
			buildRules = (
			);
			dependencies = (
			);
			name = Client;
			productName = Client;
			productReference = 3241F1B92671186E005AEF2E /* Client */;
			productType = "com.apple.product-type.tool";
		};
/* End PBXNativeTarget section */

/* Begin PBXProject section */
		3241F1A32671183A005AEF2E /* Project object */ = {
			isa = PBXProject;
			attributes = {
				LastUpgradeCheck = 1250;
				TargetAttributes = {
					3241F1AA2671183A005AEF2E = {
						CreatedOnToolsVersion = 12.5;
					};
					3241F1B82671186E005AEF2E = {
						CreatedOnToolsVersion = 12.5;
					};
				};
			};
			buildConfigurationList = 3241F1A62671183A005AEF2E /* Build configuration list for PBXProject "ProgettoSOL" */;
			compatibilityVersion = "Xcode 9.3";
			developmentRegion = en;
			hasScannedForEncodings = 0;
			knownRegions = (
				en,
				Base,
			);
			mainGroup = 3241F1A22671183A005AEF2E;
			productRefGroup = 3241F1AC2671183A005AEF2E /* Products */;
			projectDirPath = "";
			projectRoot = "";
			targets = (
				3241F1AA2671183A005AEF2E /* Server */,
				3241F1B82671186E005AEF2E /* Client */,
			);
		};
/* End PBXProject section */

/* Begin PBXSourcesBuildPhase section */
		3241F1A72671183A005AEF2E /* Sources */ = {
			isa = PBXSourcesBuildPhase;
			buildActionMask = 2147483647;
			files = (
				322AAEE62676881A00B96828 /* icl_hash.c in Sources */,
				32FCB1EB267CEEEB0053E28E /* utils.c in Sources */,
				3241F1C226711E1F005AEF2E /* makefile in Sources */,
				3241F1AF2671183A005AEF2E /* main.c in Sources */,
			);
			runOnlyForDeploymentPostprocessing = 0;
		};
		3241F1B52671186E005AEF2E /* Sources */ = {
			isa = PBXSourcesBuildPhase;
			buildActionMask = 2147483647;
			files = (
				328B762F2677A50900C6190A /* api.c in Sources */,
				32FCB1EA267CEE750053E28E /* utils.c in Sources */,
				3241F1C326711E1F005AEF2E /* makefile in Sources */,
				3241F1BC2671186E005AEF2E /* main.c in Sources */,
			);
			runOnlyForDeploymentPostprocessing = 0;
		};
/* End PBXSourcesBuildPhase section */

/* Begin XCBuildConfiguration section */
		3241F1B02671183A005AEF2E /* Debug */ = {
			isa = XCBuildConfiguration;
			buildSettings = {
				ALWAYS_SEARCH_USER_PATHS = NO;
				CLANG_ANALYZER_NONNULL = YES;
				CLANG_ANALYZER_NUMBER_OBJECT_CONVERSION = YES_AGGRESSIVE;
				CLANG_CXX_LANGUAGE_STANDARD = "gnu++14";
				CLANG_CXX_LIBRARY = "libc++";
				CLANG_ENABLE_MODULES = YES;
				CLANG_ENABLE_OBJC_ARC = YES;
				CLANG_ENABLE_OBJC_WEAK = YES;
				CLANG_WARN_BLOCK_CAPTURE_AUTORELEASING = YES;
				CLANG_WARN_BOOL_CONVERSION = YES;
				CLANG_WARN_COMMA = YES;
				CLANG_WARN_CONSTANT_CONVERSION = YES;
				CLANG_WARN_DEPRECATED_OBJC_IMPLEMENTATIONS = YES;
				CLANG_WARN_DIRECT_OBJC_ISA_USAGE = YES_ERROR;
				CLANG_WARN_DOCUMENTATION_COMMENTS = YES;
				CLANG_WARN_EMPTY_BODY = YES;
				CLANG_WARN_ENUM_CONVERSION = YES;
				CLANG_WARN_INFINITE_RECURSION = YES;
				CLANG_WARN_INT_CONVERSION = YES;
				CLANG_WARN_NON_LITERAL_NULL_CONVERSION = YES;
				CLANG_WARN_OBJC_IMPLICIT_RETAIN_SELF = YES;
				CLANG_WARN_OBJC_LITERAL_CONVERSION = YES;
				CLANG_WARN_OBJC_ROOT_CLASS = YES_ERROR;
				CLANG_WARN_QUOTED_INCLUDE_IN_FRAMEWORK_HEADER = YES;
				CLANG_WARN_RANGE_LOOP_ANALYSIS = YES;
				CLANG_WARN_STRICT_PROTOTYPES = YES;
				CLANG_WARN_SUSPICIOUS_MOVE = YES;
				CLANG_WARN_UNGUARDED_AVAILABILITY = YES_AGGRESSIVE;
				CLANG_WARN_UNREACHABLE_CODE = YES;
				CLANG_WARN__DUPLICATE_METHOD_MATCH = YES;
				COPY_PHASE_STRIP = NO;
				DEBUG_INFORMATION_FORMAT = dwarf;
				ENABLE_STRICT_OBJC_MSGSEND = YES;
				ENABLE_TESTABILITY = YES;
				GCC_C_LANGUAGE_STANDARD = gnu11;
				GCC_DYNAMIC_NO_PIC = NO;
				GCC_NO_COMMON_BLOCKS = YES;
				GCC_OPTIMIZATION_LEVEL = 0;
				GCC_PREPROCESSOR_DEFINITIONS = (
					"DEBUG=1",
					"$(inherited)",
				);
				GCC_WARN_64_TO_32_BIT_CONVERSION = YES;
				GCC_WARN_ABOUT_RETURN_TYPE = YES_ERROR;
				GCC_WARN_UNDECLARED_SELECTOR = YES;
				GCC_WARN_UNINITIALIZED_AUTOS = YES_AGGRESSIVE;
				GCC_WARN_UNUSED_FUNCTION = YES;
				GCC_WARN_UNUSED_VARIABLE = YES;
				MACOSX_DEPLOYMENT_TARGET = 11.3;
				MTL_ENABLE_DEBUG_INFO = INCLUDE_SOURCE;
				MTL_FAST_MATH = YES;
				ONLY_ACTIVE_ARCH = YES;
				SDKROOT = macosx;
			};
			name = Debug;
		};
		3241F1B12671183A005AEF2E /* Release */ = {
			isa = XCBuildConfiguration;
			buildSettings = {
				ALWAYS_SEARCH_USER_PATHS = NO;
				CLANG_ANALYZER_NONNULL = YES;
				CLANG_ANALYZER_NUMBER_OBJECT_CONVERSION = YES_AGGRESSIVE;
				CLANG_CXX_LANGUAGE_STANDARD = "gnu++14";
				CLANG_CXX_LIBRARY = "libc++";
				CLANG_ENABLE_MODULES = YES;
				CLANG_ENABLE_OBJC_ARC = YES;
				CLANG_ENABLE_OBJC_WEAK = YES;
				CLANG_WARN_BLOCK_CAPTURE_AUTORELEASING = YES;
				CLANG_WARN_BOOL_CONVERSION = YES;
				CLANG_WARN_COMMA = YES;
				CLANG_WARN_CONSTANT_CONVERSION = YES;
				CLANG_WARN_DEPRECATED_OBJC_IMPLEMENTATIONS = YES;
				CLANG_WARN_DIRECT_OBJC_ISA_USAGE = YES_ERROR;
				CLANG_WARN_DOCUMENTATION_COMMENTS = YES;
				CLANG_WARN_EMPTY_BODY = YES;
				CLANG_WARN_ENUM_CONVERSION = YES;
				CLANG_WARN_INFINITE_RECURSION = YES;
				CLANG_WARN_INT_CONVERSION = YES;
				CLANG_WARN_NON_LITERAL_NULL_CONVERSION = YES;
				CLANG_WARN_OBJC_IMPLICIT_RETAIN_SELF = YES;
				CLANG_WARN_OBJC_LITERAL_CONVERSION = YES;
				CLANG_WARN_OBJC_ROOT_CLASS = YES_ERROR;
				CLANG_WARN_QUOTED_INCLUDE_IN_FRAMEWORK_HEADER = YES;
				CLANG_WARN_RANGE_LOOP_ANALYSIS = YES;
				CLANG_WARN_STRICT_PROTOTYPES = YES;
				CLANG_WARN_SUSPICIOUS_MOVE = YES;
				CLANG_WARN_UNGUARDED_AVAILABILITY = YES_AGGRESSIVE;
				CLANG_WARN_UNREACHABLE_CODE = YES;
				CLANG_WARN__DUPLICATE_METHOD_MATCH = YES;
				COPY_PHASE_STRIP = NO;
				DEBUG_INFORMATION_FORMAT = "dwarf-with-dsym";
				ENABLE_NS_ASSERTIONS = NO;
				ENABLE_STRICT_OBJC_MSGSEND = YES;
				GCC_C_LANGUAGE_STANDARD = gnu11;
				GCC_NO_COMMON_BLOCKS = YES;
				GCC_WARN_64_TO_32_BIT_CONVERSION = YES;
				GCC_WARN_ABOUT_RETURN_TYPE = YES_ERROR;
				GCC_WARN_UNDECLARED_SELECTOR = YES;
				GCC_WARN_UNINITIALIZED_AUTOS = YES_AGGRESSIVE;
				GCC_WARN_UNUSED_FUNCTION = YES;
				GCC_WARN_UNUSED_VARIABLE = YES;
				MACOSX_DEPLOYMENT_TARGET = 11.3;
				MTL_ENABLE_DEBUG_INFO = NO;
				MTL_FAST_MATH = YES;
				SDKROOT = macosx;
			};
			name = Release;
		};
		3241F1B32671183A005AEF2E /* Debug */ = {
			isa = XCBuildConfiguration;
			buildSettings = {
				CODE_SIGN_STYLE = Automatic;
				DEVELOPMENT_TEAM = 3RSHW2UZZV;
				ENABLE_HARDENED_RUNTIME = YES;
				MACOSX_DEPLOYMENT_TARGET = 10.15;
				PRODUCT_NAME = "$(TARGET_NAME)";
			};
			name = Debug;
		};
		3241F1B42671183A005AEF2E /* Release */ = {
			isa = XCBuildConfiguration;
			buildSettings = {
				CODE_SIGN_STYLE = Automatic;
				DEVELOPMENT_TEAM = 3RSHW2UZZV;
				ENABLE_HARDENED_RUNTIME = YES;
				MACOSX_DEPLOYMENT_TARGET = 10.15;
				PRODUCT_NAME = "$(TARGET_NAME)";
			};
			name = Release;
		};
		3241F1BE2671186E005AEF2E /* Debug */ = {
			isa = XCBuildConfiguration;
			buildSettings = {
				CODE_SIGN_STYLE = Automatic;
				DEVELOPMENT_TEAM = 3RSHW2UZZV;
				ENABLE_HARDENED_RUNTIME = YES;
				MACOSX_DEPLOYMENT_TARGET = 10.15;
				PRODUCT_NAME = "$(TARGET_NAME)";
			};
			name = Debug;
		};
		3241F1BF2671186E005AEF2E /* Release */ = {
			isa = XCBuildConfiguration;
			buildSettings = {
				CODE_SIGN_STYLE = Automatic;
				DEVELOPMENT_TEAM = 3RSHW2UZZV;
				ENABLE_HARDENED_RUNTIME = YES;
				MACOSX_DEPLOYMENT_TARGET = 10.15;
				PRODUCT_NAME = "$(TARGET_NAME)";
			};
			name = Release;
		};
/* End XCBuildConfiguration section */

/* Begin XCConfigurationList section */
		3241F1A62671183A005AEF2E /* Build configuration list for PBXProject "ProgettoSOL" */ = {
			isa = XCConfigurationList;
			buildConfigurations = (
				3241F1B02671183A005AEF2E /* Debug */,
				3241F1B12671183A005AEF2E /* Release */,
			);
			defaultConfigurationIsVisible = 0;
			defaultConfigurationName = Release;
		};
		3241F1B22671183A005AEF2E /* Build configuration list for PBXNativeTarget "Server" */ = {
			isa = XCConfigurationList;
			buildConfigurations = (
				3241F1B32671183A005AEF2E /* Debug */,
				3241F1B42671183A005AEF2E /* Release */,
			);
			defaultConfigurationIsVisible = 0;
			defaultConfigurationName = Release;
		};
		3241F1BD2671186E005AEF2E /* Build configuration list for PBXNativeTarget "Client" */ = {
			isa = XCConfigurationList;
			buildConfigurations = (
				3241F1BE2671186E005AEF2E /* Debug */,
				3241F1BF2671186E005AEF2E /* Release */,
			);
			defaultConfigurationIsVisible = 0;
			defaultConfigurationName = Release;
		};
/* End XCConfigurationList section */
	};
	rootObject = 3241F1A32671183A005AEF2E /* Project object */;
}
